
Microsoft Visual Studio Solution File, Format Version 12.00
# Visual Studio Version 16
VisualStudioVersion = 16.0.28922.388
MinimumVisualStudioVersion = 10.0.40219.1
Project("{FAE04EC0-301F-11D3-BF4B-00C04F79EFBC}") = "GuessNumberJohnO", "GuessNumberJohnO\GuessNumberJohnO.csproj", "{4C33DB24-0586-47CC-A147-214402EEF5BE}"
EndProject
Global
	GlobalSection(SolutionConfigurationPlatforms) = preSolution
		Debug|Any CPU = Debug|Any CPU
		Release|Any CPU = Release|Any CPU
	EndGlobalSection
	GlobalSection(ProjectConfigurationPlatforms) = postSolution
		{4C33DB24-0586-47CC-A147-214402EEF5BE}.Debug|Any CPU.ActiveCfg = Debug|Any CPU
		{4C33DB24-0586-47CC-A147-214402EEF5BE}.Debug|Any CPU.Build.0 = Debug|Any CPU
		{4C33DB24-0586-47CC-A147-214402EEF5BE}.Release|Any CPU.ActiveCfg = Release|Any CPU
		{4C33DB24-0586-47CC-A147-214402EEF5BE}.Release|Any CPU.Build.0 = Release|Any CPU
	EndGlobalSection
	GlobalSection(SolutionProperties) = preSolution
		HideSolutionNode = FALSE
	EndGlobalSection
	GlobalSection(ExtensibilityGlobals) = postSolution
		SolutionGuid = {54D015F4-5170-42E1-B3A1-C8378226F75B}
	EndGlobalSection
EndGlobal
